{
  "name": "spendlite",
  "version": "0.1.0",
  "lockfileVersion": 3,
  "requires": true,
  "packages": {
    "": {
      "name": "spendlite",
      "version": "0.1.0",
      "license": "MIT",
      "workspaces": [
        "backend"
      ],
      "engines": {
        "node": ">=20"
      }
    }
  }
}
